
Microsoft Visual Studio Solution File, Format Version 12.00
# Visual Studio 15
VisualStudioVersion = 15.0.28010.2003
MinimumVisualStudioVersion = 10.0.40219.1
Project("{9A19103F-16F7-4668-BE54-9A1E7A4F7556}") = "SimpleBlog", "SimpleBlog\SimpleBlog.csproj", "{3A9BCBC6-8939-4F30-A59E-F1916CBFBC4B}"
EndProject
Project("{FAE04EC0-301F-11D3-BF4B-00C04F79EFBC}") = "SimpleBlog.Tests", "SimpleBlog.Tests\SimpleBlog.Tests.csproj", "{E6D4747C-7BD7-4156-8A6E-109447D919CF}"
EndProject
Global
	GlobalSection(SolutionConfigurationPlatforms) = preSolution
		Debug|Any CPU = Debug|Any CPU
		Release|Any CPU = Release|Any CPU
	EndGlobalSection
	GlobalSection(ProjectConfigurationPlatforms) = postSolution
		{3A9BCBC6-8939-4F30-A59E-F1916CBFBC4B}.Debug|Any CPU.ActiveCfg = Debug|Any CPU
		{3A9BCBC6-8939-4F30-A59E-F1916CBFBC4B}.Debug|Any CPU.Build.0 = Debug|Any CPU
		{3A9BCBC6-8939-4F30-A59E-F1916CBFBC4B}.Release|Any CPU.ActiveCfg = Release|Any CPU
		{3A9BCBC6-8939-4F30-A59E-F1916CBFBC4B}.Release|Any CPU.Build.0 = Release|Any CPU
		{E6D4747C-7BD7-4156-8A6E-109447D919CF}.Debug|Any CPU.ActiveCfg = Debug|Any CPU
		{E6D4747C-7BD7-4156-8A6E-109447D919CF}.Debug|Any CPU.Build.0 = Debug|Any CPU
		{E6D4747C-7BD7-4156-8A6E-109447D919CF}.Release|Any CPU.ActiveCfg = Release|Any CPU
		{E6D4747C-7BD7-4156-8A6E-109447D919CF}.Release|Any CPU.Build.0 = Release|Any CPU
	EndGlobalSection
	GlobalSection(SolutionProperties) = preSolution
		HideSolutionNode = FALSE
	EndGlobalSection
	GlobalSection(ExtensibilityGlobals) = postSolution
		SolutionGuid = {E21D5B80-AD39-4C65-A701-63DAFC888F20}
	EndGlobalSection
EndGlobal
